
Microsoft Visual Studio Solution File, Format Version 12.00
# Visual Studio Version 16
VisualStudioVersion = 16.0.30517.126
MinimumVisualStudioVersion = 10.0.40219.1
Project("{FAE04EC0-301F-11D3-BF4B-00C04F79EFBC}") = "SocketTool", "SocketTool\SocketTool.csproj", "{F8F889B4-502F-4D51-816B-8F568C662A80}"
EndProject
Global
	GlobalSection(SolutionConfigurationPlatforms) = preSolution
		Debug|Any CPU = Debug|Any CPU
		Release|Any CPU = Release|Any CPU
	EndGlobalSection
	GlobalSection(ProjectConfigurationPlatforms) = postSolution
		{F8F889B4-502F-4D51-816B-8F568C662A80}.Debug|Any CPU.ActiveCfg = Debug|Any CPU
		{F8F889B4-502F-4D51-816B-8F568C662A80}.Debug|Any CPU.Build.0 = Debug|Any CPU
		{F8F889B4-502F-4D51-816B-8F568C662A80}.Release|Any CPU.ActiveCfg = Release|Any CPU
		{F8F889B4-502F-4D51-816B-8F568C662A80}.Release|Any CPU.Build.0 = Release|Any CPU
	EndGlobalSection
	GlobalSection(SolutionProperties) = preSolution
		HideSolutionNode = FALSE
	EndGlobalSection
	GlobalSection(ExtensibilityGlobals) = postSolution
		SolutionGuid = {0806DA6F-2408-49F1-A00B-01ECBC4D2A57}
	EndGlobalSection
EndGlobal
